
Microsoft Visual Studio Solution File, Format Version 12.00
# Visual Studio 15
VisualStudioVersion = 15.0.28307.168
MinimumVisualStudioVersion = 10.0.40219.1
Project("{FAE04EC0-301F-11D3-BF4B-00C04F79EFBC}") = "Biblioteca", "Biblioteca\Biblioteca.csproj", "{19A6D727-97A4-4821-9101-CE66AF90DBFF}"
EndProject
Project("{FAE04EC0-301F-11D3-BF4B-00C04F79EFBC}") = "WcfFarmaPopTec", "WcfFarmaPopTec\WcfFarmaPopTec.csproj", "{38465C70-D778-4027-BCE0-EF656C065F9B}"
EndProject
Global
	GlobalSection(SolutionConfigurationPlatforms) = preSolution
		Debug|Any CPU = Debug|Any CPU
		Release|Any CPU = Release|Any CPU
	EndGlobalSection
	GlobalSection(ProjectConfigurationPlatforms) = postSolution
		{19A6D727-97A4-4821-9101-CE66AF90DBFF}.Debug|Any CPU.ActiveCfg = Debug|Any CPU
		{19A6D727-97A4-4821-9101-CE66AF90DBFF}.Debug|Any CPU.Build.0 = Debug|Any CPU
		{19A6D727-97A4-4821-9101-CE66AF90DBFF}.Release|Any CPU.ActiveCfg = Release|Any CPU
		{19A6D727-97A4-4821-9101-CE66AF90DBFF}.Release|Any CPU.Build.0 = Release|Any CPU
		{38465C70-D778-4027-BCE0-EF656C065F9B}.Debug|Any CPU.ActiveCfg = Debug|Any CPU
		{38465C70-D778-4027-BCE0-EF656C065F9B}.Debug|Any CPU.Build.0 = Debug|Any CPU
		{38465C70-D778-4027-BCE0-EF656C065F9B}.Release|Any CPU.ActiveCfg = Release|Any CPU
		{38465C70-D778-4027-BCE0-EF656C065F9B}.Release|Any CPU.Build.0 = Release|Any CPU
	EndGlobalSection
	GlobalSection(SolutionProperties) = preSolution
		HideSolutionNode = FALSE
	EndGlobalSection
	GlobalSection(ExtensibilityGlobals) = postSolution
		SolutionGuid = {F9CD314B-B889-47F9-8517-73AEBDD4AFEC}
	EndGlobalSection
EndGlobal
